
Microsoft Visual Studio Solution File, Format Version 12.00
# Visual Studio Version 16
VisualStudioVersion = 16.0.31005.135
MinimumVisualStudioVersion = 10.0.40219.1
Project("{FAE04EC0-301F-11D3-BF4B-00C04F79EFBC}") = "Queue", "Queue\Queue.csproj", "{7AD16665-2AA5-45E3-BDE0-B227ED2E2AD7}"
EndProject
Global
	GlobalSection(SolutionConfigurationPlatforms) = preSolution
		Debug|Any CPU = Debug|Any CPU
		Release|Any CPU = Release|Any CPU
	EndGlobalSection
	GlobalSection(ProjectConfigurationPlatforms) = postSolution
		{7AD16665-2AA5-45E3-BDE0-B227ED2E2AD7}.Debug|Any CPU.ActiveCfg = Debug|Any CPU
		{7AD16665-2AA5-45E3-BDE0-B227ED2E2AD7}.Debug|Any CPU.Build.0 = Debug|Any CPU
		{7AD16665-2AA5-45E3-BDE0-B227ED2E2AD7}.Release|Any CPU.ActiveCfg = Release|Any CPU
		{7AD16665-2AA5-45E3-BDE0-B227ED2E2AD7}.Release|Any CPU.Build.0 = Release|Any CPU
	EndGlobalSection
	GlobalSection(SolutionProperties) = preSolution
		HideSolutionNode = FALSE
	EndGlobalSection
	GlobalSection(ExtensibilityGlobals) = postSolution
		SolutionGuid = {CDEC6CB9-CF44-4D24-AAAA-518D8E3EF082}
	EndGlobalSection
EndGlobal
