
Microsoft Visual Studio Solution File, Format Version 12.00
# Visual Studio Version 17
VisualStudioVersion = 17.3.32901.215
MinimumVisualStudioVersion = 10.0.40219.1
Project("{8BC9CEB8-8B4A-11D0-8D11-00A0C91BC942}") = "ListAndSet", "ListAndSet\ListAndSet.vcxproj", "{F289F89A-06BC-4CA4-9374-A0311D985E91}"
EndProject
Project("{8BC9CEB8-8B4A-11D0-8D11-00A0C91BC942}") = "SmartPointers", "SmartPointers\SmartPointers.vcxproj", "{33CD61FF-04A3-472D-A5DC-326F51765AEF}"
EndProject
Global
	GlobalSection(SolutionConfigurationPlatforms) = preSolution
		Debug|x64 = Debug|x64
		Debug|x86 = Debug|x86
		Release|x64 = Release|x64
		Release|x86 = Release|x86
	EndGlobalSection
	GlobalSection(ProjectConfigurationPlatforms) = postSolution
		{F289F89A-06BC-4CA4-9374-A0311D985E91}.Debug|x64.ActiveCfg = Debug|x64
		{F289F89A-06BC-4CA4-9374-A0311D985E91}.Debug|x64.Build.0 = Debug|x64
		{F289F89A-06BC-4CA4-9374-A0311D985E91}.Debug|x86.ActiveCfg = Debug|Win32
		{F289F89A-06BC-4CA4-9374-A0311D985E91}.Debug|x86.Build.0 = Debug|Win32
		{F289F89A-06BC-4CA4-9374-A0311D985E91}.Release|x64.ActiveCfg = Release|x64
		{F289F89A-06BC-4CA4-9374-A0311D985E91}.Release|x64.Build.0 = Release|x64
		{F289F89A-06BC-4CA4-9374-A0311D985E91}.Release|x86.ActiveCfg = Release|Win32
		{F289F89A-06BC-4CA4-9374-A0311D985E91}.Release|x86.Build.0 = Release|Win32
		{33CD61FF-04A3-472D-A5DC-326F51765AEF}.Debug|x64.ActiveCfg = Debug|x64
		{33CD61FF-04A3-472D-A5DC-326F51765AEF}.Debug|x64.Build.0 = Debug|x64
		{33CD61FF-04A3-472D-A5DC-326F51765AEF}.Debug|x86.ActiveCfg = Debug|Win32
		{33CD61FF-04A3-472D-A5DC-326F51765AEF}.Debug|x86.Build.0 = Debug|Win32
		{33CD61FF-04A3-472D-A5DC-326F51765AEF}.Release|x64.ActiveCfg = Release|x64
		{33CD61FF-04A3-472D-A5DC-326F51765AEF}.Release|x64.Build.0 = Release|x64
		{33CD61FF-04A3-472D-A5DC-326F51765AEF}.Release|x86.ActiveCfg = Release|Win32
		{33CD61FF-04A3-472D-A5DC-326F51765AEF}.Release|x86.Build.0 = Release|Win32
	EndGlobalSection
	GlobalSection(SolutionProperties) = preSolution
		HideSolutionNode = FALSE
	EndGlobalSection
	GlobalSection(ExtensibilityGlobals) = postSolution
		SolutionGuid = {A7C7798A-9285-49E9-A268-8FBFDBD80389}
	EndGlobalSection
EndGlobal
